
Microsoft Visual Studio Solution File, Format Version 11.00
# Visual Studio 2010
Project("{FAE04EC0-301F-11D3-BF4B-00C04F79EFBC}") = "EBilet Programı", "EBilet Programı\EBilet Programı.csproj", "{F52CA783-0A66-47DE-A175-E6D3E166DDB0}"
EndProject
Global
	GlobalSection(SolutionConfigurationPlatforms) = preSolution
		Debug|x86 = Debug|x86
		Release|x86 = Release|x86
	EndGlobalSection
	GlobalSection(ProjectConfigurationPlatforms) = postSolution
		{F52CA783-0A66-47DE-A175-E6D3E166DDB0}.Debug|x86.ActiveCfg = Debug|x86
		{F52CA783-0A66-47DE-A175-E6D3E166DDB0}.Debug|x86.Build.0 = Debug|x86
		{F52CA783-0A66-47DE-A175-E6D3E166DDB0}.Release|x86.ActiveCfg = Release|x86
		{F52CA783-0A66-47DE-A175-E6D3E166DDB0}.Release|x86.Build.0 = Release|x86
	EndGlobalSection
	GlobalSection(SolutionProperties) = preSolution
		HideSolutionNode = FALSE
	EndGlobalSection
EndGlobal
