
Microsoft Visual Studio Solution File, Format Version 12.00
# Visual Studio 15
VisualStudioVersion = 15.0.28307.489
MinimumVisualStudioVersion = 10.0.40219.1
Project("{FAE04EC0-301F-11D3-BF4B-00C04F79EFBC}") = "WindowsFormsApp1", "WindowsFormsApp1\WindowsFormsApp1.csproj", "{6ECCE6A6-7B83-4A4C-BC7B-2F059F5E85A0}"
EndProject
Global
	GlobalSection(SolutionConfigurationPlatforms) = preSolution
		Debug|Any CPU = Debug|Any CPU
		Release|Any CPU = Release|Any CPU
	EndGlobalSection
	GlobalSection(ProjectConfigurationPlatforms) = postSolution
		{6ECCE6A6-7B83-4A4C-BC7B-2F059F5E85A0}.Debug|Any CPU.ActiveCfg = Debug|Any CPU
		{6ECCE6A6-7B83-4A4C-BC7B-2F059F5E85A0}.Debug|Any CPU.Build.0 = Debug|Any CPU
		{6ECCE6A6-7B83-4A4C-BC7B-2F059F5E85A0}.Release|Any CPU.ActiveCfg = Release|Any CPU
		{6ECCE6A6-7B83-4A4C-BC7B-2F059F5E85A0}.Release|Any CPU.Build.0 = Release|Any CPU
	EndGlobalSection
	GlobalSection(SolutionProperties) = preSolution
		HideSolutionNode = FALSE
	EndGlobalSection
	GlobalSection(ExtensibilityGlobals) = postSolution
		SolutionGuid = {F67964A4-B6FC-4C3B-B272-7AD97754DB08}
	EndGlobalSection
EndGlobal
